// !$*UTF8*$!
{
	archiveVersion = 1;
	classes = {
	};
	objectVersion = 51;
	objects = {

/* Begin PBXBuildFile section */
		5349149625828821007B1C05 /* activeChats.json in Resources */ = {isa = PBXBuildFile; fileRef = 5349149325828821007B1C05 /* activeChats.json */; };
		5349149725828821007B1C05 /* users.json in Resources */ = {isa = PBXBuildFile; fileRef = 5349149425828821007B1C05 /* users.json */; };
		5349149825828821007B1C05 /* waitingChats.json in Resources */ = {isa = PBXBuildFile; fileRef = 5349149525828821007B1C05 /* waitingChats.json */; };
		53515FD42575510C007C2DE4 /* AppDelegate.swift in Sources */ = {isa = PBXBuildFile; fileRef = 53515FD32575510C007C2DE4 /* AppDelegate.swift */; };
		53515FD62575510C007C2DE4 /* SceneDelegate.swift in Sources */ = {isa = PBXBuildFile; fileRef = 53515FD52575510C007C2DE4 /* SceneDelegate.swift */; };
		53515FDD2575510E007C2DE4 /* Assets.xcassets in Resources */ = {isa = PBXBuildFile; fileRef = 53515FDC2575510E007C2DE4 /* Assets.xcassets */; };
		53515FE02575510E007C2DE4 /* LaunchScreen.storyboard in Resources */ = {isa = PBXBuildFile; fileRef = 53515FDE2575510E007C2DE4 /* LaunchScreen.storyboard */; };
		535E91F625E00D8B00C56979 /* GoogleService-Info.plist in Resources */ = {isa = PBXBuildFile; fileRef = 535E91F525E00D8B00C56979 /* GoogleService-Info.plist */; };
		535E920525E00DC000C56979 /* Services in Resources */ = {isa = PBXBuildFile; fileRef = 535E91FF25E00DBF00C56979 /* Services */; };
		535E920625E00DC000C56979 /* SignIn&Auth in Resources */ = {isa = PBXBuildFile; fileRef = 535E920025E00DBF00C56979 /* SignIn&Auth */; };
		535E920725E00DC000C56979 /* Extensions in Resources */ = {isa = PBXBuildFile; fileRef = 535E920125E00DBF00C56979 /* Extensions */; };
		535E920825E00DC000C56979 /* Controllers in Resources */ = {isa = PBXBuildFile; fileRef = 535E920225E00DC000C56979 /* Controllers */; };
		535E920925E00DC000C56979 /* Helpers in Resources */ = {isa = PBXBuildFile; fileRef = 535E920325E00DC000C56979 /* Helpers */; };
		535E920A25E00DC000C56979 /* Protocols in Resources */ = {isa = PBXBuildFile; fileRef = 535E920425E00DC000C56979 /* Protocols */; };
		C35DB1DEBB089D4C9D51FAE5 /* Pods_wios.framework in Frameworks */ = {isa = PBXBuildFile; fileRef = 416F84C89B440AC59D565E5F /* Pods_wios.framework */; };
/* End PBXBuildFile section */

/* Begin PBXFileReference section */
		38D6B33BC8406649370FCA50 /* Pods-wios.release.xcconfig */ = {isa = PBXFileReference; includeInIndex = 1; lastKnownFileType = text.xcconfig; name = "Pods-wios.release.xcconfig"; path = "Target Support Files/Pods-wios/Pods-wios.release.xcconfig"; sourceTree = "<group>"; };
		416F84C89B440AC59D565E5F /* Pods_wios.framework */ = {isa = PBXFileReference; explicitFileType = wrapper.framework; includeInIndex = 0; path = Pods_wios.framework; sourceTree = BUILT_PRODUCTS_DIR; };
		5349149325828821007B1C05 /* activeChats.json */ = {isa = PBXFileReference; fileEncoding = 4; lastKnownFileType = text.json; path = activeChats.json; sourceTree = "<group>"; };
		5349149425828821007B1C05 /* users.json */ = {isa = PBXFileReference; fileEncoding = 4; lastKnownFileType = text.json; path = users.json; sourceTree = "<group>"; };
		5349149525828821007B1C05 /* waitingChats.json */ = {isa = PBXFileReference; fileEncoding = 4; lastKnownFileType = text.json; path = waitingChats.json; sourceTree = "<group>"; };
		53515FD02575510C007C2DE4 /* wios.app */ = {isa = PBXFileReference; explicitFileType = wrapper.application; includeInIndex = 0; path = wios.app; sourceTree = BUILT_PRODUCTS_DIR; };
		53515FD32575510C007C2DE4 /* AppDelegate.swift */ = {isa = PBXFileReference; lastKnownFileType = sourcecode.swift; path = AppDelegate.swift; sourceTree = "<group>"; };
		53515FD52575510C007C2DE4 /* SceneDelegate.swift */ = {isa = PBXFileReference; lastKnownFileType = sourcecode.swift; path = SceneDelegate.swift; sourceTree = "<group>"; };
		53515FDC2575510E007C2DE4 /* Assets.xcassets */ = {isa = PBXFileReference; lastKnownFileType = folder.assetcatalog; path = Assets.xcassets; sourceTree = "<group>"; };
		53515FDF2575510E007C2DE4 /* Base */ = {isa = PBXFileReference; lastKnownFileType = file.storyboard; name = Base; path = Base.lproj/LaunchScreen.storyboard; sourceTree = "<group>"; };
		53515FE12575510E007C2DE4 /* Info.plist */ = {isa = PBXFileReference; lastKnownFileType = text.plist.xml; path = Info.plist; sourceTree = "<group>"; };
		535E91F525E00D8B00C56979 /* GoogleService-Info.plist */ = {isa = PBXFileReference; fileEncoding = 4; lastKnownFileType = text.plist.xml; path = "GoogleService-Info.plist"; sourceTree = "<group>"; };
		535E91FF25E00DBF00C56979 /* Services */ = {isa = PBXFileReference; lastKnownFileType = folder; name = Services; path = ../../../Desktop/wiosChat/IChat/Services; sourceTree = "<group>"; };
		535E920025E00DBF00C56979 /* SignIn&Auth */ = {isa = PBXFileReference; lastKnownFileType = folder; name = "SignIn&Auth"; path = "../../../Desktop/wiosChat/IChat/SignIn&Auth"; sourceTree = "<group>"; };
		535E920125E00DBF00C56979 /* Extensions */ = {isa = PBXFileReference; lastKnownFileType = folder; path = Extensions; sourceTree = "<group>"; };
		535E920225E00DC000C56979 /* Controllers */ = {isa = PBXFileReference; lastKnownFileType = folder; name = Controllers; path = ../../../Desktop/wiosChat/IChat/Controllers; sourceTree = "<group>"; };
		535E920325E00DC000C56979 /* Helpers */ = {isa = PBXFileReference; lastKnownFileType = folder; name = Helpers; path = ../../../Desktop/wiosChat/IChat/Helpers; sourceTree = "<group>"; };
		535E920425E00DC000C56979 /* Protocols */ = {isa = PBXFileReference; lastKnownFileType = folder; name = Protocols; path = ../../../Desktop/wiosChat/IChat/Protocols; sourceTree = "<group>"; };
		88CC973C4A12CB33A1C30378 /* Pods-wios.debug.xcconfig */ = {isa = PBXFileReference; includeInIndex = 1; lastKnownFileType = text.xcconfig; name = "Pods-wios.debug.xcconfig"; path = "Target Support Files/Pods-wios/Pods-wios.debug.xcconfig"; sourceTree = "<group>"; };
/* End PBXFileReference section */

/* Begin PBXFrameworksBuildPhase section */
		53515FCD2575510C007C2DE4 /* Frameworks */ = {
			isa = PBXFrameworksBuildPhase;
			buildActionMask = 2147483647;
			files = (
				C35DB1DEBB089D4C9D51FAE5 /* Pods_wios.framework in Frameworks */,
			);
			runOnlyForDeploymentPostprocessing = 0;
		};
/* End PBXFrameworksBuildPhase section */

/* Begin PBXGroup section */
		054540CFBDD5A94804A774CC /* Pods */ = {
			isa = PBXGroup;
			children = (
				88CC973C4A12CB33A1C30378 /* Pods-wios.debug.xcconfig */,
				38D6B33BC8406649370FCA50 /* Pods-wios.release.xcconfig */,
			);
			path = Pods;
			sourceTree = "<group>";
		};
		53515FC72575510C007C2DE4 = {
			isa = PBXGroup;
			children = (
				53515FD22575510C007C2DE4 /* wios */,
				53515FD12575510C007C2DE4 /* Products */,
				054540CFBDD5A94804A774CC /* Pods */,
				DFBFBB6DDAC3EC65726E58C5 /* Frameworks */,
			);
			sourceTree = "<group>";
		};
		53515FD12575510C007C2DE4 /* Products */ = {
			isa = PBXGroup;
			children = (
				53515FD02575510C007C2DE4 /* wios.app */,
			);
			name = Products;
			sourceTree = "<group>";
		};
		53515FD22575510C007C2DE4 /* wios */ = {
			isa = PBXGroup;
			children = (
				53515FD32575510C007C2DE4 /* AppDelegate.swift */,
				53515FD52575510C007C2DE4 /* SceneDelegate.swift */,
				535E920225E00DC000C56979 /* Controllers */,
				535E920125E00DBF00C56979 /* Extensions */,
				535E920325E00DC000C56979 /* Helpers */,
				535E920425E00DC000C56979 /* Protocols */,
				535E91FF25E00DBF00C56979 /* Services */,
				535E920025E00DBF00C56979 /* SignIn&Auth */,
				53515FDC2575510E007C2DE4 /* Assets.xcassets */,
				53515FDE2575510E007C2DE4 /* LaunchScreen.storyboard */,
				53515FE12575510E007C2DE4 /* Info.plist */,
				535E91F525E00D8B00C56979 /* GoogleService-Info.plist */,
				5349149325828821007B1C05 /* activeChats.json */,
				5349149425828821007B1C05 /* users.json */,
				5349149525828821007B1C05 /* waitingChats.json */,
			);
			path = wios;
			sourceTree = "<group>";
		};
		DFBFBB6DDAC3EC65726E58C5 /* Frameworks */ = {
			isa = PBXGroup;
			children = (
				416F84C89B440AC59D565E5F /* Pods_wios.framework */,
			);
			name = Frameworks;
			sourceTree = "<group>";
		};
/* End PBXGroup section */

/* Begin PBXNativeTarget section */
		53515FCF2575510C007C2DE4 /* wios */ = {
			isa = PBXNativeTarget;
			buildConfigurationList = 53515FE42575510E007C2DE4 /* Build configuration list for PBXNativeTarget "wios" */;
			buildPhases = (
				B438D47791E0D671385D6FE8 /* [CP] Check Pods Manifest.lock */,
				53515FCC2575510C007C2DE4 /* Sources */,
				53515FCD2575510C007C2DE4 /* Frameworks */,
				53515FCE2575510C007C2DE4 /* Resources */,
				B1FE2536CC804FA6035E5412 /* [CP] Embed Pods Frameworks */,
				8D7E69A0E45AB49AF79A6915 /* [CP] Copy Pods Resources */,
			);
			buildRules = (
			);
			dependencies = (
			);
			name = wios;
			productName = wios;
			productReference = 53515FD02575510C007C2DE4 /* wios.app */;
			productType = "com.apple.product-type.application";
		};
/* End PBXNativeTarget section */

/* Begin PBXProject section */
		53515FC82575510C007C2DE4 /* Project object */ = {
			isa = PBXProject;
			attributes = {
				LastSwiftUpdateCheck = 1220;
				LastUpgradeCheck = 1220;
				TargetAttributes = {
					53515FCF2575510C007C2DE4 = {
						CreatedOnToolsVersion = 12.2;
					};
				};
			};
			buildConfigurationList = 53515FCB2575510C007C2DE4 /* Build configuration list for PBXProject "wios" */;
			compatibilityVersion = "Xcode 9.3";
			developmentRegion = en;
			hasScannedForEncodings = 0;
			knownRegions = (
				en,
				Base,
			);
			mainGroup = 53515FC72575510C007C2DE4;
			productRefGroup = 53515FD12575510C007C2DE4 /* Products */;
			projectDirPath = "";
			projectRoot = "";
			targets = (
				53515FCF2575510C007C2DE4 /* wios */,
			);
		};
/* End PBXProject section */

/* Begin PBXResourcesBuildPhase section */
		53515FCE2575510C007C2DE4 /* Resources */ = {
			isa = PBXResourcesBuildPhase;
			buildActionMask = 2147483647;
			files = (
				535E920825E00DC000C56979 /* Controllers in Resources */,
				535E920725E00DC000C56979 /* Extensions in Resources */,
				5349149725828821007B1C05 /* users.json in Resources */,
				53515FE02575510E007C2DE4 /* LaunchScreen.storyboard in Resources */,
				535E920925E00DC000C56979 /* Helpers in Resources */,
				53515FDD2575510E007C2DE4 /* Assets.xcassets in Resources */,
				535E920A25E00DC000C56979 /* Protocols in Resources */,
				535E920625E00DC000C56979 /* SignIn&Auth in Resources */,
				5349149825828821007B1C05 /* waitingChats.json in Resources */,
				5349149625828821007B1C05 /* activeChats.json in Resources */,
				535E91F625E00D8B00C56979 /* GoogleService-Info.plist in Resources */,
				535E920525E00DC000C56979 /* Services in Resources */,
			);
			runOnlyForDeploymentPostprocessing = 0;
		};
/* End PBXResourcesBuildPhase section */

/* Begin PBXShellScriptBuildPhase section */
		8D7E69A0E45AB49AF79A6915 /* [CP] Copy Pods Resources */ = {
			isa = PBXShellScriptBuildPhase;
			buildActionMask = 2147483647;
			files = (
			);
			inputFileListPaths = (
				"${PODS_ROOT}/Target Support Files/Pods-wios/Pods-wios-resources-${CONFIGURATION}-input-files.xcfilelist",
			);
			name = "[CP] Copy Pods Resources";
			outputFileListPaths = (
				"${PODS_ROOT}/Target Support Files/Pods-wios/Pods-wios-resources-${CONFIGURATION}-output-files.xcfilelist",
			);
			runOnlyForDeploymentPostprocessing = 0;
			shellPath = /bin/sh;
			shellScript = "\"${PODS_ROOT}/Target Support Files/Pods-wios/Pods-wios-resources.sh\"\n";
			showEnvVarsInLog = 0;
		};
		B1FE2536CC804FA6035E5412 /* [CP] Embed Pods Frameworks */ = {
			isa = PBXShellScriptBuildPhase;
			buildActionMask = 2147483647;
			files = (
			);
			inputFileListPaths = (
				"${PODS_ROOT}/Target Support Files/Pods-wios/Pods-wios-frameworks-${CONFIGURATION}-input-files.xcfilelist",
			);
			name = "[CP] Embed Pods Frameworks";
			outputFileListPaths = (
				"${PODS_ROOT}/Target Support Files/Pods-wios/Pods-wios-frameworks-${CONFIGURATION}-output-files.xcfilelist",
			);
			runOnlyForDeploymentPostprocessing = 0;
			shellPath = /bin/sh;
			shellScript = "\"${PODS_ROOT}/Target Support Files/Pods-wios/Pods-wios-frameworks.sh\"\n";
			showEnvVarsInLog = 0;
		};
		B438D47791E0D671385D6FE8 /* [CP] Check Pods Manifest.lock */ = {
			isa = PBXShellScriptBuildPhase;
			buildActionMask = 2147483647;
			files = (
			);
			inputFileListPaths = (
			);
			inputPaths = (
				"${PODS_PODFILE_DIR_PATH}/Podfile.lock",
				"${PODS_ROOT}/Manifest.lock",
			);
			name = "[CP] Check Pods Manifest.lock";
			outputFileListPaths = (
			);
			outputPaths = (
				"$(DERIVED_FILE_DIR)/Pods-wios-checkManifestLockResult.txt",
			);
			runOnlyForDeploymentPostprocessing = 0;
			shellPath = /bin/sh;
			shellScript = "diff \"${PODS_PODFILE_DIR_PATH}/Podfile.lock\" \"${PODS_ROOT}/Manifest.lock\" > /dev/null\nif [ $? != 0 ] ; then\n    # print error to STDERR\n    echo \"error: The sandbox is not in sync with the Podfile.lock. Run 'pod install' or update your CocoaPods installation.\" >&2\n    exit 1\nfi\n# This output is used by Xcode 'outputs' to avoid re-running this script phase.\necho \"SUCCESS\" > \"${SCRIPT_OUTPUT_FILE_0}\"\n";
			showEnvVarsInLog = 0;
		};
/* End PBXShellScriptBuildPhase section */

/* Begin PBXSourcesBuildPhase section */
		53515FCC2575510C007C2DE4 /* Sources */ = {
			isa = PBXSourcesBuildPhase;
			buildActionMask = 2147483647;
			files = (
				53515FD42575510C007C2DE4 /* AppDelegate.swift in Sources */,
				53515FD62575510C007C2DE4 /* SceneDelegate.swift in Sources */,
			);
			runOnlyForDeploymentPostprocessing = 0;
		};
/* End PBXSourcesBuildPhase section */

/* Begin PBXVariantGroup section */
		53515FDE2575510E007C2DE4 /* LaunchScreen.storyboard */ = {
			isa = PBXVariantGroup;
			children = (
				53515FDF2575510E007C2DE4 /* Base */,
			);
			name = LaunchScreen.storyboard;
			sourceTree = "<group>";
		};
/* End PBXVariantGroup section */

/* Begin XCBuildConfiguration section */
		53515FE22575510E007C2DE4 /* Debug */ = {
			isa = XCBuildConfiguration;
			buildSettings = {
				ALWAYS_SEARCH_USER_PATHS = NO;
				CLANG_ANALYZER_NONNULL = YES;
				CLANG_ANALYZER_NUMBER_OBJECT_CONVERSION = YES_AGGRESSIVE;
				CLANG_CXX_LANGUAGE_STANDARD = "gnu++14";
				CLANG_CXX_LIBRARY = "libc++";
				CLANG_ENABLE_MODULES = YES;
				CLANG_ENABLE_OBJC_ARC = YES;
				CLANG_ENABLE_OBJC_WEAK = YES;
				CLANG_WARN_BLOCK_CAPTURE_AUTORELEASING = YES;
				CLANG_WARN_BOOL_CONVERSION = YES;
				CLANG_WARN_COMMA = YES;
				CLANG_WARN_CONSTANT_CONVERSION = YES;
				CLANG_WARN_DEPRECATED_OBJC_IMPLEMENTATIONS = YES;
				CLANG_WARN_DIRECT_OBJC_ISA_USAGE = YES_ERROR;
				CLANG_WARN_DOCUMENTATION_COMMENTS = YES;
				CLANG_WARN_EMPTY_BODY = YES;
				CLANG_WARN_ENUM_CONVERSION = YES;
				CLANG_WARN_INFINITE_RECURSION = YES;
				CLANG_WARN_INT_CONVERSION = YES;
				CLANG_WARN_NON_LITERAL_NULL_CONVERSION = YES;
				CLANG_WARN_OBJC_IMPLICIT_RETAIN_SELF = YES;
				CLANG_WARN_OBJC_LITERAL_CONVERSION = YES;
				CLANG_WARN_OBJC_ROOT_CLASS = YES_ERROR;
				CLANG_WARN_QUOTED_INCLUDE_IN_FRAMEWORK_HEADER = YES;
				CLANG_WARN_RANGE_LOOP_ANALYSIS = YES;
				CLANG_WARN_STRICT_PROTOTYPES = YES;
				CLANG_WARN_SUSPICIOUS_MOVE = YES;
				CLANG_WARN_UNGUARDED_AVAILABILITY = YES_AGGRESSIVE;
				CLANG_WARN_UNREACHABLE_CODE = YES;
				CLANG_WARN__DUPLICATE_METHOD_MATCH = YES;
				COPY_PHASE_STRIP = NO;
				DEBUG_INFORMATION_FORMAT = dwarf;
				ENABLE_STRICT_OBJC_MSGSEND = YES;
				ENABLE_TESTABILITY = YES;
				GCC_C_LANGUAGE_STANDARD = gnu11;
				GCC_DYNAMIC_NO_PIC = NO;
				GCC_NO_COMMON_BLOCKS = YES;
				GCC_OPTIMIZATION_LEVEL = 0;
				GCC_PREPROCESSOR_DEFINITIONS = (
					"DEBUG=1",
					"$(inherited)",
				);
				GCC_WARN_64_TO_32_BIT_CONVERSION = YES;
				GCC_WARN_ABOUT_RETURN_TYPE = YES_ERROR;
				GCC_WARN_UNDECLARED_SELECTOR = YES;
				GCC_WARN_UNINITIALIZED_AUTOS = YES_AGGRESSIVE;
				GCC_WARN_UNUSED_FUNCTION = YES;
				GCC_WARN_UNUSED_VARIABLE = YES;
				IPHONEOS_DEPLOYMENT_TARGET = 14.0;
				MTL_ENABLE_DEBUG_INFO = INCLUDE_SOURCE;
				MTL_FAST_MATH = YES;
				ONLY_ACTIVE_ARCH = YES;
				SDKROOT = iphoneos;
				SWIFT_ACTIVE_COMPILATION_CONDITIONS = DEBUG;
				SWIFT_OPTIMIZATION_LEVEL = "-Onone";
			};
			name = Debug;
		};
		53515FE32575510E007C2DE4 /* Release */ = {
			isa = XCBuildConfiguration;
			buildSettings = {
				ALWAYS_SEARCH_USER_PATHS = NO;
				CLANG_ANALYZER_NONNULL = YES;
				CLANG_ANALYZER_NUMBER_OBJECT_CONVERSION = YES_AGGRESSIVE;
				CLANG_CXX_LANGUAGE_STANDARD = "gnu++14";
				CLANG_CXX_LIBRARY = "libc++";
				CLANG_ENABLE_MODULES = YES;
				CLANG_ENABLE_OBJC_ARC = YES;
				CLANG_ENABLE_OBJC_WEAK = YES;
				CLANG_WARN_BLOCK_CAPTURE_AUTORELEASING = YES;
				CLANG_WARN_BOOL_CONVERSION = YES;
				CLANG_WARN_COMMA = YES;
				CLANG_WARN_CONSTANT_CONVERSION = YES;
				CLANG_WARN_DEPRECATED_OBJC_IMPLEMENTATIONS = YES;
				CLANG_WARN_DIRECT_OBJC_ISA_USAGE = YES_ERROR;
				CLANG_WARN_DOCUMENTATION_COMMENTS = YES;
				CLANG_WARN_EMPTY_BODY = YES;
				CLANG_WARN_ENUM_CONVERSION = YES;
				CLANG_WARN_INFINITE_RECURSION = YES;
				CLANG_WARN_INT_CONVERSION = YES;
				CLANG_WARN_NON_LITERAL_NULL_CONVERSION = YES;
				CLANG_WARN_OBJC_IMPLICIT_RETAIN_SELF = YES;
				CLANG_WARN_OBJC_LITERAL_CONVERSION = YES;
				CLANG_WARN_OBJC_ROOT_CLASS = YES_ERROR;
				CLANG_WARN_QUOTED_INCLUDE_IN_FRAMEWORK_HEADER = YES;
				CLANG_WARN_RANGE_LOOP_ANALYSIS = YES;
				CLANG_WARN_STRICT_PROTOTYPES = YES;
				CLANG_WARN_SUSPICIOUS_MOVE = YES;
				CLANG_WARN_UNGUARDED_AVAILABILITY = YES_AGGRESSIVE;
				CLANG_WARN_UNREACHABLE_CODE = YES;
				CLANG_WARN__DUPLICATE_METHOD_MATCH = YES;
				COPY_PHASE_STRIP = NO;
				DEBUG_INFORMATION_FORMAT = "dwarf-with-dsym";
				ENABLE_NS_ASSERTIONS = NO;
				ENABLE_STRICT_OBJC_MSGSEND = YES;
				GCC_C_LANGUAGE_STANDARD = gnu11;
				GCC_NO_COMMON_BLOCKS = YES;
				GCC_WARN_64_TO_32_BIT_CONVERSION = YES;
				GCC_WARN_ABOUT_RETURN_TYPE = YES_ERROR;
				GCC_WARN_UNDECLARED_SELECTOR = YES;
				GCC_WARN_UNINITIALIZED_AUTOS = YES_AGGRESSIVE;
				GCC_WARN_UNUSED_FUNCTION = YES;
				GCC_WARN_UNUSED_VARIABLE = YES;
				IPHONEOS_DEPLOYMENT_TARGET = 14.0;
				MTL_ENABLE_DEBUG_INFO = NO;
				MTL_FAST_MATH = YES;
				SDKROOT = iphoneos;
				SWIFT_COMPILATION_MODE = wholemodule;
				SWIFT_OPTIMIZATION_LEVEL = "-O";
				VALIDATE_PRODUCT = YES;
			};
			name = Release;
		};
		53515FE52575510E007C2DE4 /* Debug */ = {
			isa = XCBuildConfiguration;
			baseConfigurationReference = 88CC973C4A12CB33A1C30378 /* Pods-wios.debug.xcconfig */;
			buildSettings = {
				ASSETCATALOG_COMPILER_APPICON_NAME = AppIcon;
				ASSETCATALOG_COMPILER_GLOBAL_ACCENT_COLOR_NAME = AccentColor;
				CODE_SIGN_STYLE = Automatic;
				DEVELOPMENT_TEAM = 68Y5GCW43Y;
				INFOPLIST_FILE = wios/Info.plist;
				LD_RUNPATH_SEARCH_PATHS = (
					"$(inherited)",
					"@executable_path/Frameworks",
				);
				PRODUCT_BUNDLE_IDENTIFIER = Kond1ateff.com.wios;
				PRODUCT_NAME = "$(TARGET_NAME)";
				SWIFT_VERSION = 5.0;
				TARGETED_DEVICE_FAMILY = "1,2";
			};
			name = Debug;
		};
		53515FE62575510E007C2DE4 /* Release */ = {
			isa = XCBuildConfiguration;
			baseConfigurationReference = 38D6B33BC8406649370FCA50 /* Pods-wios.release.xcconfig */;
			buildSettings = {
				ASSETCATALOG_COMPILER_APPICON_NAME = AppIcon;
				ASSETCATALOG_COMPILER_GLOBAL_ACCENT_COLOR_NAME = AccentColor;
				CODE_SIGN_STYLE = Automatic;
				DEVELOPMENT_TEAM = 68Y5GCW43Y;
				INFOPLIST_FILE = wios/Info.plist;
				LD_RUNPATH_SEARCH_PATHS = (
					"$(inherited)",
					"@executable_path/Frameworks",
				);
				PRODUCT_BUNDLE_IDENTIFIER = Kond1ateff.com.wios;
				PRODUCT_NAME = "$(TARGET_NAME)";
				SWIFT_VERSION = 5.0;
				TARGETED_DEVICE_FAMILY = "1,2";
			};
			name = Release;
		};
/* End XCBuildConfiguration section */

/* Begin XCConfigurationList section */
		53515FCB2575510C007C2DE4 /* Build configuration list for PBXProject "wios" */ = {
			isa = XCConfigurationList;
			buildConfigurations = (
				53515FE22575510E007C2DE4 /* Debug */,
				53515FE32575510E007C2DE4 /* Release */,
			);
			defaultConfigurationIsVisible = 0;
			defaultConfigurationName = Release;
		};
		53515FE42575510E007C2DE4 /* Build configuration list for PBXNativeTarget "wios" */ = {
			isa = XCConfigurationList;
			buildConfigurations = (
				53515FE52575510E007C2DE4 /* Debug */,
				53515FE62575510E007C2DE4 /* Release */,
			);
			defaultConfigurationIsVisible = 0;
			defaultConfigurationName = Release;
		};
/* End XCConfigurationList section */
	};
	rootObject = 53515FC82575510C007C2DE4 /* Project object */;
}
